
Microsoft Visual Studio Solution File, Format Version 12.00
# Visual Studio Version 17
VisualStudioVersion = 17.8.34511.84
MinimumVisualStudioVersion = 10.0.40219.1
Project("{9A19103F-16F7-4668-BE54-9A1E7A4F7556}") = "Template.MVC", "Template.MVC.csproj", "{CF3FDFED-F093-473C-B970-6D5E9D90B5FC}"
EndProject
Project("{FAE04EC0-301F-11D3-BF4B-00C04F79EFBC}") = "Template.Backend", "..\Template.Backend\Template.Backend.csproj", "{82995B7B-4D6F-40B1-809D-4D99CB4DB493}"
EndProject
Global
	GlobalSection(SolutionConfigurationPlatforms) = preSolution
		Debug|Any CPU = Debug|Any CPU
		Release|Any CPU = Release|Any CPU
	EndGlobalSection
	GlobalSection(ProjectConfigurationPlatforms) = postSolution
		{CF3FDFED-F093-473C-B970-6D5E9D90B5FC}.Debug|Any CPU.ActiveCfg = Debug|Any CPU
		{CF3FDFED-F093-473C-B970-6D5E9D90B5FC}.Debug|Any CPU.Build.0 = Debug|Any CPU
		{CF3FDFED-F093-473C-B970-6D5E9D90B5FC}.Release|Any CPU.ActiveCfg = Release|Any CPU
		{CF3FDFED-F093-473C-B970-6D5E9D90B5FC}.Release|Any CPU.Build.0 = Release|Any CPU
		{82995B7B-4D6F-40B1-809D-4D99CB4DB493}.Debug|Any CPU.ActiveCfg = Debug|Any CPU
		{82995B7B-4D6F-40B1-809D-4D99CB4DB493}.Debug|Any CPU.Build.0 = Debug|Any CPU
		{82995B7B-4D6F-40B1-809D-4D99CB4DB493}.Release|Any CPU.ActiveCfg = Release|Any CPU
		{82995B7B-4D6F-40B1-809D-4D99CB4DB493}.Release|Any CPU.Build.0 = Release|Any CPU
	EndGlobalSection
	GlobalSection(SolutionProperties) = preSolution
		HideSolutionNode = FALSE
	EndGlobalSection
	GlobalSection(ExtensibilityGlobals) = postSolution
		SolutionGuid = {0BE5F0BE-AE5E-4989-B8C6-A685B353BBA4}
	EndGlobalSection
EndGlobal
